
Microsoft Visual Studio Solution File, Format Version 12.00
# Visual Studio Version 17
VisualStudioVersion = 17.14.36301.6 d17.14
MinimumVisualStudioVersion = 10.0.40219.1
Project("{FAE04EC0-301F-11D3-BF4B-00C04F79EFBC}") = "Garcia_WEB", "Garcia_WEB\Garcia_WEB.csproj", "{136E4CA2-4FB8-4C13-8539-FA51DDC7F380}"
EndProject
Global
	GlobalSection(SolutionConfigurationPlatforms) = preSolution
		Debug|Any CPU = Debug|Any CPU
		Release|Any CPU = Release|Any CPU
	EndGlobalSection
	GlobalSection(ProjectConfigurationPlatforms) = postSolution
		{136E4CA2-4FB8-4C13-8539-FA51DDC7F380}.Debug|Any CPU.ActiveCfg = Debug|Any CPU
		{136E4CA2-4FB8-4C13-8539-FA51DDC7F380}.Debug|Any CPU.Build.0 = Debug|Any CPU
		{136E4CA2-4FB8-4C13-8539-FA51DDC7F380}.Release|Any CPU.ActiveCfg = Release|Any CPU
		{136E4CA2-4FB8-4C13-8539-FA51DDC7F380}.Release|Any CPU.Build.0 = Release|Any CPU
	EndGlobalSection
	GlobalSection(SolutionProperties) = preSolution
		HideSolutionNode = FALSE
	EndGlobalSection
	GlobalSection(ExtensibilityGlobals) = postSolution
		SolutionGuid = {0E25F803-2FF1-4839-8469-621DEC4061B0}
	EndGlobalSection
EndGlobal
